github.com/pierrre/assert v0.0.3 h1:EmG3Ezjn6+kr2ar/VMP8WSdGTUjuSy+g/GWAS2zG/Kk=
github.com/pierrre/assert v0.0.3/go.mod h1:tfZH4FL6vW1Kq2Md1iR52h50gEz1cdCeHS/Mp11XnFw=
golang.org/x/exp v0.0.0-20230127130021-4ca2cb1a16b7 h1:o7Ps2IYdzLRolS9/nadqeMSHpa9k8pu8u+VKBFUG7cQ=
golang.org/x/exp v0.0.0-20230127130021-4ca2cb1a16b7/go.mod h1:CxIveKay+FTh1D0yPZemJVgC/95VzuuOLq5Qi4xnoYc=
